
Microsoft Visual Studio Solution File, Format Version 12.00
# Visual Studio Version 16
VisualStudioVersion = 16.0.30907.101
MinimumVisualStudioVersion = 10.0.40219.1
Project("{9A19103F-16F7-4668-BE54-9A1E7A4F7556}") = "ByteArrayTest", "ByteArrayTest.csproj", "{5B5B5B72-778D-4F3B-BFF9-38BDC0F9862E}"
EndProject
Global
	GlobalSection(SolutionConfigurationPlatforms) = preSolution
		Debug|Any CPU = Debug|Any CPU
		Release|Any CPU = Release|Any CPU
	EndGlobalSection
	GlobalSection(ProjectConfigurationPlatforms) = postSolution
		{5B5B5B72-778D-4F3B-BFF9-38BDC0F9862E}.Debug|Any CPU.ActiveCfg = Debug|Any CPU
		{5B5B5B72-778D-4F3B-BFF9-38BDC0F9862E}.Debug|Any CPU.Build.0 = Debug|Any CPU
		{5B5B5B72-778D-4F3B-BFF9-38BDC0F9862E}.Release|Any CPU.ActiveCfg = Release|Any CPU
		{5B5B5B72-778D-4F3B-BFF9-38BDC0F9862E}.Release|Any CPU.Build.0 = Release|Any CPU
	EndGlobalSection
	GlobalSection(SolutionProperties) = preSolution
		HideSolutionNode = FALSE
	EndGlobalSection
	GlobalSection(ExtensibilityGlobals) = postSolution
		SolutionGuid = {EB4687B2-96DA-4253-9870-E1AA31FDE260}
	EndGlobalSection
EndGlobal
